
Microsoft Visual Studio Solution File, Format Version 12.00
# Visual Studio Version 16
VisualStudioVersion = 16.0.29806.167
MinimumVisualStudioVersion = 10.0.40219.1
Project("{2150E333-8FDC-42A3-9474-1A3956D46DE8}") = "src", "src", "{F14DD222-4588-49C4-8950-37F652824189}"
EndProject
Project("{2150E333-8FDC-42A3-9474-1A3956D46DE8}") = "WebApp", "WebApp", "{4CA5EC7B-2B2E-4607-BFC3-B11EE76B630B}"
EndProject
Project("{9A19103F-16F7-4668-BE54-9A1E7A4F7556}") = "WebMVC", "src\Web\WebMVC\WebMVC.csproj", "{46C1FE27-C119-46A8-A5B7-DF64835C63ED}"
EndProject
Project("{2150E333-8FDC-42A3-9474-1A3956D46DE8}") = "BuildingBlocks", "BuildingBlocks", "{5D925DFC-D189-4BE1-B04E-D1BF78C196B3}"
EndProject
Project("{2150E333-8FDC-42A3-9474-1A3956D46DE8}") = "Devspace.Support", "Devspace.Support", "{58CA5196-3F68-45F0-934C-F57592785DEF}"
EndProject
Project("{9A19103F-16F7-4668-BE54-9A1E7A4F7556}") = "Devspaces.Support", "src\BuildingBlocks\Devspace.Support\Devspaces.Support\Devspaces.Support.csproj", "{2E54EBA8-6F6F-45C3-9BC8-24B7A62222C1}"
EndProject
Project("{2150E333-8FDC-42A3-9474-1A3956D46DE8}") = "Services", "Services", "{50A82170-3889-4156-AC9F-BE0D1C96B57C}"
EndProject
Project("{2150E333-8FDC-42A3-9474-1A3956D46DE8}") = "Identity", "Identity", "{0AB8CF3E-8619-4BB4-815E-C29B9DF13971}"
EndProject
Project("{2150E333-8FDC-42A3-9474-1A3956D46DE8}") = "WebHost", "WebHost", "{4653B565-AC6E-499C-855D-104533B20EEC}"
EndProject
Project("{9A19103F-16F7-4668-BE54-9A1E7A4F7556}") = "WebHost.Customization", "src\BuildingBlocks\WebHost\WebHost.Customization\WebHost.Customization.csproj", "{1ABB9DC1-C0A9-46C5-8ABA-1ADFAB2D395B}"
EndProject
Project("{9A19103F-16F7-4668-BE54-9A1E7A4F7556}") = "Identity.API", "src\Services\Identity\Identity.API\Identity.API.csproj", "{4614989E-52CF-4DD2-A9A6-9F45119E0379}"
EndProject
Project("{2150E333-8FDC-42A3-9474-1A3956D46DE8}") = "ApiGateways", "ApiGateways", "{AC1DC7EA-2C78-4C20-9FB7-D52B5E80441C}"
EndProject
Project("{2150E333-8FDC-42A3-9474-1A3956D46DE8}") = "Web.Bff", "Web.Bff", "{7F885AF5-9ED0-431A-A7E9-95E999AB1C31}"
EndProject
Project("{2150E333-8FDC-42A3-9474-1A3956D46DE8}") = "apigw", "apigw", "{C2CA0941-FD2F-4331-A8A6-CF37C0A18303}"
	ProjectSection(SolutionItems) = preProject
		src\ApiGateways\Web.Bff\apigw\configuration.json = src\ApiGateways\Web.Bff\apigw\configuration.json
	EndProjectSection
EndProject
Project("{2150E333-8FDC-42A3-9474-1A3956D46DE8}") = "Apartment", "Apartment", "{E4455655-1BE9-4596-B41D-A8D99B6C5343}"
EndProject
Project("{9A19103F-16F7-4668-BE54-9A1E7A4F7556}") = "Apartment.API", "src\Services\Apartment\Apartment.API\Apartment.API.csproj", "{95028871-4E9C-4193-971E-A2FC8022EB58}"
EndProject
Project("{9A19103F-16F7-4668-BE54-9A1E7A4F7556}") = "Owners.API", "src\Services\Owners\Owners.API\Owners.API.csproj", "{9071F89D-91C4-4D13-9CE6-51801035A57D}"
EndProject
Project("{9A19103F-16F7-4668-BE54-9A1E7A4F7556}") = "EventBus", "src\BuildingBlocks\EventBus\EventBus\EventBus.csproj", "{4824FB4D-B627-45C6-A48B-939CD9CB5531}"
EndProject
Project("{2150E333-8FDC-42A3-9474-1A3956D46DE8}") = "EventBus", "EventBus", "{DCEC2D8B-5400-469C-AE60-C48FD922BD5D}"
EndProject
Project("{9A19103F-16F7-4668-BE54-9A1E7A4F7556}") = "EventBusRabbitMQ", "src\BuildingBlocks\EventBus\EventBusRabbitMQ\EventBusRabbitMQ.csproj", "{4F885FD2-639E-434A-A7C4-44605D2F9D7A}"
EndProject
Project("{9A19103F-16F7-4668-BE54-9A1E7A4F7556}") = "EventBusServiceBus", "src\BuildingBlocks\EventBus\EventBusServiceBus\EventBusServiceBus.csproj", "{3E511240-7E18-45BA-883E-09C4AB7D5E43}"
EndProject
Project("{9A19103F-16F7-4668-BE54-9A1E7A4F7556}") = "IntegrationEventLogEF", "src\BuildingBlocks\EventBus\IntegrationEventLogEF\IntegrationEventLogEF.csproj", "{1323B615-DA5A-449E-A685-E6593D8F743E}"
EndProject
Project("{2150E333-8FDC-42A3-9474-1A3956D46DE8}") = "Envoy", "Envoy", "{2D96070B-43D3-4F4F-ABD8-C4BAE6F0F219}"
EndProject
Project("{2150E333-8FDC-42A3-9474-1A3956D46DE8}") = "config", "config", "{DF1E26F9-E144-4691-9690-B73593DD8731}"
EndProject
Project("{2150E333-8FDC-42A3-9474-1A3956D46DE8}") = "webclient", "webclient", "{86CAAA15-B3FE-4A28-A42F-04BB3BA55B44}"
	ProjectSection(SolutionItems) = preProject
		src\ApiGateways\Envoy\config\webclient\envoy.yaml = src\ApiGateways\Envoy\config\webclient\envoy.yaml
	EndProjectSection
EndProject
Project("{E53339B2-1760-4266-BCC7-CA923CBCF16C}") = "docker-compose", "docker-compose.dcproj", "{7DF77305-C76F-4A25-9EB5-BECEF3E0C99A}"
EndProject
Global
	GlobalSection(SolutionConfigurationPlatforms) = preSolution
		Debug|Any CPU = Debug|Any CPU
		Release|Any CPU = Release|Any CPU
	EndGlobalSection
	GlobalSection(ProjectConfigurationPlatforms) = postSolution
		{46C1FE27-C119-46A8-A5B7-DF64835C63ED}.Debug|Any CPU.ActiveCfg = Debug|Any CPU
		{46C1FE27-C119-46A8-A5B7-DF64835C63ED}.Debug|Any CPU.Build.0 = Debug|Any CPU
		{46C1FE27-C119-46A8-A5B7-DF64835C63ED}.Release|Any CPU.ActiveCfg = Release|Any CPU
		{46C1FE27-C119-46A8-A5B7-DF64835C63ED}.Release|Any CPU.Build.0 = Release|Any CPU
		{2E54EBA8-6F6F-45C3-9BC8-24B7A62222C1}.Debug|Any CPU.ActiveCfg = Debug|Any CPU
		{2E54EBA8-6F6F-45C3-9BC8-24B7A62222C1}.Debug|Any CPU.Build.0 = Debug|Any CPU
		{2E54EBA8-6F6F-45C3-9BC8-24B7A62222C1}.Release|Any CPU.ActiveCfg = Release|Any CPU
		{2E54EBA8-6F6F-45C3-9BC8-24B7A62222C1}.Release|Any CPU.Build.0 = Release|Any CPU
		{1ABB9DC1-C0A9-46C5-8ABA-1ADFAB2D395B}.Debug|Any CPU.ActiveCfg = Debug|Any CPU
		{1ABB9DC1-C0A9-46C5-8ABA-1ADFAB2D395B}.Debug|Any CPU.Build.0 = Debug|Any CPU
		{1ABB9DC1-C0A9-46C5-8ABA-1ADFAB2D395B}.Release|Any CPU.ActiveCfg = Release|Any CPU
		{1ABB9DC1-C0A9-46C5-8ABA-1ADFAB2D395B}.Release|Any CPU.Build.0 = Release|Any CPU
		{4614989E-52CF-4DD2-A9A6-9F45119E0379}.Debug|Any CPU.ActiveCfg = Debug|Any CPU
		{4614989E-52CF-4DD2-A9A6-9F45119E0379}.Debug|Any CPU.Build.0 = Debug|Any CPU
		{4614989E-52CF-4DD2-A9A6-9F45119E0379}.Release|Any CPU.ActiveCfg = Release|Any CPU
		{4614989E-52CF-4DD2-A9A6-9F45119E0379}.Release|Any CPU.Build.0 = Release|Any CPU
		{95028871-4E9C-4193-971E-A2FC8022EB58}.Debug|Any CPU.ActiveCfg = Debug|Any CPU
		{95028871-4E9C-4193-971E-A2FC8022EB58}.Debug|Any CPU.Build.0 = Debug|Any CPU
		{95028871-4E9C-4193-971E-A2FC8022EB58}.Release|Any CPU.ActiveCfg = Release|Any CPU
		{95028871-4E9C-4193-971E-A2FC8022EB58}.Release|Any CPU.Build.0 = Release|Any CPU
		{9071F89D-91C4-4D13-9CE6-51801035A57D}.Debug|Any CPU.ActiveCfg = Debug|Any CPU
		{9071F89D-91C4-4D13-9CE6-51801035A57D}.Debug|Any CPU.Build.0 = Debug|Any CPU
		{9071F89D-91C4-4D13-9CE6-51801035A57D}.Release|Any CPU.ActiveCfg = Release|Any CPU
		{9071F89D-91C4-4D13-9CE6-51801035A57D}.Release|Any CPU.Build.0 = Release|Any CPU
		{4824FB4D-B627-45C6-A48B-939CD9CB5531}.Debug|Any CPU.ActiveCfg = Debug|Any CPU
		{4824FB4D-B627-45C6-A48B-939CD9CB5531}.Debug|Any CPU.Build.0 = Debug|Any CPU
		{4824FB4D-B627-45C6-A48B-939CD9CB5531}.Release|Any CPU.ActiveCfg = Release|Any CPU
		{4824FB4D-B627-45C6-A48B-939CD9CB5531}.Release|Any CPU.Build.0 = Release|Any CPU
		{4F885FD2-639E-434A-A7C4-44605D2F9D7A}.Debug|Any CPU.ActiveCfg = Debug|Any CPU
		{4F885FD2-639E-434A-A7C4-44605D2F9D7A}.Debug|Any CPU.Build.0 = Debug|Any CPU
		{4F885FD2-639E-434A-A7C4-44605D2F9D7A}.Release|Any CPU.ActiveCfg = Release|Any CPU
		{4F885FD2-639E-434A-A7C4-44605D2F9D7A}.Release|Any CPU.Build.0 = Release|Any CPU
		{3E511240-7E18-45BA-883E-09C4AB7D5E43}.Debug|Any CPU.ActiveCfg = Debug|Any CPU
		{3E511240-7E18-45BA-883E-09C4AB7D5E43}.Debug|Any CPU.Build.0 = Debug|Any CPU
		{3E511240-7E18-45BA-883E-09C4AB7D5E43}.Release|Any CPU.ActiveCfg = Release|Any CPU
		{3E511240-7E18-45BA-883E-09C4AB7D5E43}.Release|Any CPU.Build.0 = Release|Any CPU
		{1323B615-DA5A-449E-A685-E6593D8F743E}.Debug|Any CPU.ActiveCfg = Debug|Any CPU
		{1323B615-DA5A-449E-A685-E6593D8F743E}.Debug|Any CPU.Build.0 = Debug|Any CPU
		{1323B615-DA5A-449E-A685-E6593D8F743E}.Release|Any CPU.ActiveCfg = Release|Any CPU
		{1323B615-DA5A-449E-A685-E6593D8F743E}.Release|Any CPU.Build.0 = Release|Any CPU
		{7DF77305-C76F-4A25-9EB5-BECEF3E0C99A}.Debug|Any CPU.ActiveCfg = Debug|Any CPU
		{7DF77305-C76F-4A25-9EB5-BECEF3E0C99A}.Debug|Any CPU.Build.0 = Debug|Any CPU
		{7DF77305-C76F-4A25-9EB5-BECEF3E0C99A}.Release|Any CPU.ActiveCfg = Release|Any CPU
		{7DF77305-C76F-4A25-9EB5-BECEF3E0C99A}.Release|Any CPU.Build.0 = Release|Any CPU
	EndGlobalSection
	GlobalSection(SolutionProperties) = preSolution
		HideSolutionNode = FALSE
	EndGlobalSection
	GlobalSection(NestedProjects) = preSolution
		{4CA5EC7B-2B2E-4607-BFC3-B11EE76B630B} = {F14DD222-4588-49C4-8950-37F652824189}
		{46C1FE27-C119-46A8-A5B7-DF64835C63ED} = {4CA5EC7B-2B2E-4607-BFC3-B11EE76B630B}
		{5D925DFC-D189-4BE1-B04E-D1BF78C196B3} = {F14DD222-4588-49C4-8950-37F652824189}
		{58CA5196-3F68-45F0-934C-F57592785DEF} = {5D925DFC-D189-4BE1-B04E-D1BF78C196B3}
		{2E54EBA8-6F6F-45C3-9BC8-24B7A62222C1} = {58CA5196-3F68-45F0-934C-F57592785DEF}
		{50A82170-3889-4156-AC9F-BE0D1C96B57C} = {F14DD222-4588-49C4-8950-37F652824189}
		{0AB8CF3E-8619-4BB4-815E-C29B9DF13971} = {50A82170-3889-4156-AC9F-BE0D1C96B57C}
		{4653B565-AC6E-499C-855D-104533B20EEC} = {5D925DFC-D189-4BE1-B04E-D1BF78C196B3}
		{1ABB9DC1-C0A9-46C5-8ABA-1ADFAB2D395B} = {4653B565-AC6E-499C-855D-104533B20EEC}
		{4614989E-52CF-4DD2-A9A6-9F45119E0379} = {0AB8CF3E-8619-4BB4-815E-C29B9DF13971}
		{AC1DC7EA-2C78-4C20-9FB7-D52B5E80441C} = {F14DD222-4588-49C4-8950-37F652824189}
		{7F885AF5-9ED0-431A-A7E9-95E999AB1C31} = {AC1DC7EA-2C78-4C20-9FB7-D52B5E80441C}
		{C2CA0941-FD2F-4331-A8A6-CF37C0A18303} = {7F885AF5-9ED0-431A-A7E9-95E999AB1C31}
		{E4455655-1BE9-4596-B41D-A8D99B6C5343} = {50A82170-3889-4156-AC9F-BE0D1C96B57C}
		{95028871-4E9C-4193-971E-A2FC8022EB58} = {E4455655-1BE9-4596-B41D-A8D99B6C5343}
		{9071F89D-91C4-4D13-9CE6-51801035A57D} = {50A82170-3889-4156-AC9F-BE0D1C96B57C}
		{4824FB4D-B627-45C6-A48B-939CD9CB5531} = {DCEC2D8B-5400-469C-AE60-C48FD922BD5D}
		{DCEC2D8B-5400-469C-AE60-C48FD922BD5D} = {5D925DFC-D189-4BE1-B04E-D1BF78C196B3}
		{4F885FD2-639E-434A-A7C4-44605D2F9D7A} = {DCEC2D8B-5400-469C-AE60-C48FD922BD5D}
		{3E511240-7E18-45BA-883E-09C4AB7D5E43} = {DCEC2D8B-5400-469C-AE60-C48FD922BD5D}
		{1323B615-DA5A-449E-A685-E6593D8F743E} = {DCEC2D8B-5400-469C-AE60-C48FD922BD5D}
		{2D96070B-43D3-4F4F-ABD8-C4BAE6F0F219} = {AC1DC7EA-2C78-4C20-9FB7-D52B5E80441C}
		{DF1E26F9-E144-4691-9690-B73593DD8731} = {2D96070B-43D3-4F4F-ABD8-C4BAE6F0F219}
		{86CAAA15-B3FE-4A28-A42F-04BB3BA55B44} = {DF1E26F9-E144-4691-9690-B73593DD8731}
	EndGlobalSection
	GlobalSection(ExtensibilityGlobals) = postSolution
		SolutionGuid = {071ACE36-5C14-4792-8787-934D7C505DAB}
	EndGlobalSection
EndGlobal
